
Microsoft Visual Studio Solution File, Format Version 12.00
# Visual Studio Version 16
VisualStudioVersion = 16.0.31613.86
MinimumVisualStudioVersion = 10.0.40219.1
Project("{FAE04EC0-301F-11D3-BF4B-00C04F79EFBC}") = "SimpleAdsAuth.Data", "SimpleAdsAuth.Data\SimpleAdsAuth.Data.csproj", "{5FD5FDE3-6358-4CF7-B1C9-394CCDFBE4F7}"
EndProject
Project("{FAE04EC0-301F-11D3-BF4B-00C04F79EFBC}") = "SimpleAdsAuth.Web", "SimpleAdsAuth.Web\SimpleAdsAuth.Web.csproj", "{A08AAAD5-44BA-48E7-B7BD-B981528F1998}"
EndProject
Global
	GlobalSection(SolutionConfigurationPlatforms) = preSolution
		Debug|Any CPU = Debug|Any CPU
		Release|Any CPU = Release|Any CPU
	EndGlobalSection
	GlobalSection(ProjectConfigurationPlatforms) = postSolution
		{5FD5FDE3-6358-4CF7-B1C9-394CCDFBE4F7}.Debug|Any CPU.ActiveCfg = Debug|Any CPU
		{5FD5FDE3-6358-4CF7-B1C9-394CCDFBE4F7}.Debug|Any CPU.Build.0 = Debug|Any CPU
		{5FD5FDE3-6358-4CF7-B1C9-394CCDFBE4F7}.Release|Any CPU.ActiveCfg = Release|Any CPU
		{5FD5FDE3-6358-4CF7-B1C9-394CCDFBE4F7}.Release|Any CPU.Build.0 = Release|Any CPU
		{A08AAAD5-44BA-48E7-B7BD-B981528F1998}.Debug|Any CPU.ActiveCfg = Debug|Any CPU
		{A08AAAD5-44BA-48E7-B7BD-B981528F1998}.Debug|Any CPU.Build.0 = Debug|Any CPU
		{A08AAAD5-44BA-48E7-B7BD-B981528F1998}.Release|Any CPU.ActiveCfg = Release|Any CPU
		{A08AAAD5-44BA-48E7-B7BD-B981528F1998}.Release|Any CPU.Build.0 = Release|Any CPU
	EndGlobalSection
	GlobalSection(SolutionProperties) = preSolution
		HideSolutionNode = FALSE
	EndGlobalSection
	GlobalSection(ExtensibilityGlobals) = postSolution
		SolutionGuid = {21A1E2D7-8865-4340-A17E-65EE2F5A7666}
	EndGlobalSection
EndGlobal
